
Microsoft Visual Studio Solution File, Format Version 12.00
# Visual Studio 2013
VisualStudioVersion = 12.0.31101.0
MinimumVisualStudioVersion = 10.0.40219.1
Project("{FAE04EC0-301F-11D3-BF4B-00C04F79EFBC}") = "System Class Proxies", "ClassLibrary\System Class Proxies.csproj", "{7898925E-0AE3-475C-9A4C-C8BF36B4DCD4}"
EndProject
Project("{FAE04EC0-301F-11D3-BF4B-00C04F79EFBC}") = "ConsoleApp", "ConsoleApp\ConsoleApp.csproj", "{C4D77851-054D-4ED9-8B49-490C6A3FC3D7}"
EndProject
Project("{FAE04EC0-301F-11D3-BF4B-00C04F79EFBC}") = "WebApp", "WebApp\WebApp.csproj", "{551F4B0C-C5DB-4762-8101-83D167F687BD}"
EndProject
Project("{FAE04EC0-301F-11D3-BF4B-00C04F79EFBC}") = "WebApp.Tests", "WebApp.Tests\WebApp.Tests.csproj", "{D4890665-0BF6-4B2D-90D8-B593832F38EB}"
EndProject
Global
	GlobalSection(SolutionConfigurationPlatforms) = preSolution
		Debug|Any CPU = Debug|Any CPU
		Release|Any CPU = Release|Any CPU
	EndGlobalSection
	GlobalSection(ProjectConfigurationPlatforms) = postSolution
		{7898925E-0AE3-475C-9A4C-C8BF36B4DCD4}.Debug|Any CPU.ActiveCfg = Debug|Any CPU
		{7898925E-0AE3-475C-9A4C-C8BF36B4DCD4}.Debug|Any CPU.Build.0 = Debug|Any CPU
		{7898925E-0AE3-475C-9A4C-C8BF36B4DCD4}.Release|Any CPU.ActiveCfg = Release|Any CPU
		{7898925E-0AE3-475C-9A4C-C8BF36B4DCD4}.Release|Any CPU.Build.0 = Release|Any CPU
		{C4D77851-054D-4ED9-8B49-490C6A3FC3D7}.Debug|Any CPU.ActiveCfg = Debug|Any CPU
		{C4D77851-054D-4ED9-8B49-490C6A3FC3D7}.Debug|Any CPU.Build.0 = Debug|Any CPU
		{C4D77851-054D-4ED9-8B49-490C6A3FC3D7}.Release|Any CPU.ActiveCfg = Release|Any CPU
		{C4D77851-054D-4ED9-8B49-490C6A3FC3D7}.Release|Any CPU.Build.0 = Release|Any CPU
		{551F4B0C-C5DB-4762-8101-83D167F687BD}.Debug|Any CPU.ActiveCfg = Debug|Any CPU
		{551F4B0C-C5DB-4762-8101-83D167F687BD}.Debug|Any CPU.Build.0 = Debug|Any CPU
		{551F4B0C-C5DB-4762-8101-83D167F687BD}.Release|Any CPU.ActiveCfg = Release|Any CPU
		{551F4B0C-C5DB-4762-8101-83D167F687BD}.Release|Any CPU.Build.0 = Release|Any CPU
		{D4890665-0BF6-4B2D-90D8-B593832F38EB}.Debug|Any CPU.ActiveCfg = Debug|Any CPU
		{D4890665-0BF6-4B2D-90D8-B593832F38EB}.Debug|Any CPU.Build.0 = Debug|Any CPU
		{D4890665-0BF6-4B2D-90D8-B593832F38EB}.Release|Any CPU.ActiveCfg = Release|Any CPU
		{D4890665-0BF6-4B2D-90D8-B593832F38EB}.Release|Any CPU.Build.0 = Release|Any CPU
	EndGlobalSection
	GlobalSection(SolutionProperties) = preSolution
		HideSolutionNode = FALSE
	EndGlobalSection
EndGlobal
